
Microsoft Visual Studio Solution File, Format Version 12.00
# Visual Studio Version 16
VisualStudioVersion = 16.0.29709.97
MinimumVisualStudioVersion = 10.0.40219.1
Project("{FAE04EC0-301F-11D3-BF4B-00C04F79EFBC}") = "hang_man_carmel_naama", "hang_man_carmel_naama\hang_man_carmel_naama.csproj", "{5AACE802-F210-4635-BB3F-3229C14520ED}"
EndProject
Global
	GlobalSection(SolutionConfigurationPlatforms) = preSolution
		Debug|Any CPU = Debug|Any CPU
		Release|Any CPU = Release|Any CPU
	EndGlobalSection
	GlobalSection(ProjectConfigurationPlatforms) = postSolution
		{5AACE802-F210-4635-BB3F-3229C14520ED}.Debug|Any CPU.ActiveCfg = Debug|Any CPU
		{5AACE802-F210-4635-BB3F-3229C14520ED}.Debug|Any CPU.Build.0 = Debug|Any CPU
		{5AACE802-F210-4635-BB3F-3229C14520ED}.Release|Any CPU.ActiveCfg = Release|Any CPU
		{5AACE802-F210-4635-BB3F-3229C14520ED}.Release|Any CPU.Build.0 = Release|Any CPU
	EndGlobalSection
	GlobalSection(SolutionProperties) = preSolution
		HideSolutionNode = FALSE
	EndGlobalSection
	GlobalSection(ExtensibilityGlobals) = postSolution
		SolutionGuid = {486198CD-EE0B-4D35-89D3-E82B6E4920E2}
	EndGlobalSection
EndGlobal
